// !$*UTF8*$!
{
	archiveVersion = 1;
	classes = {
	};
	objectVersion = 46;
	objects = {

/* Begin PBXBuildFile section */
		DB4518D41BBCE4270097A25A /* TableHeaderViewCell.swift in Sources */ = {isa = PBXBuildFile; fileRef = DB4518D31BBCE4270097A25A /* TableHeaderViewCell.swift */; settings = {ASSET_TAGS = (); }; };
		DB4518D61BBCE4C70097A25A /* LocalPagedHorizontalView.swift in Sources */ = {isa = PBXBuildFile; fileRef = DB4518D51BBCE4C70097A25A /* LocalPagedHorizontalView.swift */; settings = {ASSET_TAGS = (); }; };
		DB4518D81BBCE6530097A25A /* TableContentViewCell.swift in Sources */ = {isa = PBXBuildFile; fileRef = DB4518D71BBCE6530097A25A /* TableContentViewCell.swift */; settings = {ASSET_TAGS = (); }; };
		DB4518DB1BBCE8820097A25A /* myUILabel.m in Sources */ = {isa = PBXBuildFile; fileRef = DB4518DA1BBCE8820097A25A /* myUILabel.m */; settings = {ASSET_TAGS = (); }; };
		DBC515F71BBCCC9400EDFF48 /* AppDelegate.swift in Sources */ = {isa = PBXBuildFile; fileRef = DBC515F61BBCCC9400EDFF48 /* AppDelegate.swift */; };
		DBC515F91BBCCC9400EDFF48 /* ViewController.swift in Sources */ = {isa = PBXBuildFile; fileRef = DBC515F81BBCCC9400EDFF48 /* ViewController.swift */; };
		DBC515FC1BBCCC9400EDFF48 /* Main.storyboard in Resources */ = {isa = PBXBuildFile; fileRef = DBC515FA1BBCCC9400EDFF48 /* Main.storyboard */; };
		DBC515FE1BBCCC9400EDFF48 /* Assets.xcassets in Resources */ = {isa = PBXBuildFile; fileRef = DBC515FD1BBCCC9400EDFF48 /* Assets.xcassets */; };
		DBE2B52D1BBCD06400AD5316 /* JSAnimatedImagesView.m in Sources */ = {isa = PBXBuildFile; fileRef = DBE2B52B1BBCD06400AD5316 /* JSAnimatedImagesView.m */; settings = {ASSET_TAGS = (); }; };
		DBE2B5331BBCD0D700AD5316 /* MSWeakTimer.m in Sources */ = {isa = PBXBuildFile; fileRef = DBE2B5321BBCD0D700AD5316 /* MSWeakTimer.m */; settings = {ASSET_TAGS = (); }; };
		DBE2B5381BBCD27300AD5316 /* LaunchViewController.swift in Sources */ = {isa = PBXBuildFile; fileRef = DBE2B5371BBCD27300AD5316 /* LaunchViewController.swift */; settings = {ASSET_TAGS = (); }; };
		DBE2B53B1BBCD83000AD5316 /* LaunchScreen.storyboard in Resources */ = {isa = PBXBuildFile; fileRef = DBE2B5391BBCD83000AD5316 /* LaunchScreen.storyboard */; settings = {ASSET_TAGS = (); }; };
/* End PBXBuildFile section */

/* Begin PBXFileReference section */
		DB4518D31BBCE4270097A25A /* TableHeaderViewCell.swift */ = {isa = PBXFileReference; fileEncoding = 4; lastKnownFileType = sourcecode.swift; path = TableHeaderViewCell.swift; sourceTree = "<group>"; };
		DB4518D51BBCE4C70097A25A /* LocalPagedHorizontalView.swift */ = {isa = PBXFileReference; fileEncoding = 4; lastKnownFileType = sourcecode.swift; path = LocalPagedHorizontalView.swift; sourceTree = "<group>"; };
		DB4518D71BBCE6530097A25A /* TableContentViewCell.swift */ = {isa = PBXFileReference; fileEncoding = 4; lastKnownFileType = sourcecode.swift; path = TableContentViewCell.swift; sourceTree = "<group>"; };
		DB4518D91BBCE8820097A25A /* myUILabel.h */ = {isa = PBXFileReference; fileEncoding = 4; lastKnownFileType = sourcecode.c.h; path = myUILabel.h; sourceTree = "<group>"; };
		DB4518DA1BBCE8820097A25A /* myUILabel.m */ = {isa = PBXFileReference; fileEncoding = 4; lastKnownFileType = sourcecode.c.objc; path = myUILabel.m; sourceTree = "<group>"; };
		DBC515F31BBCCC9400EDFF48 /* zhihuDaily 2.0.app */ = {isa = PBXFileReference; explicitFileType = wrapper.application; includeInIndex = 0; path = "zhihuDaily 2.0.app"; sourceTree = BUILT_PRODUCTS_DIR; };
		DBC515F61BBCCC9400EDFF48 /* AppDelegate.swift */ = {isa = PBXFileReference; lastKnownFileType = sourcecode.swift; path = AppDelegate.swift; sourceTree = "<group>"; };
		DBC515F81BBCCC9400EDFF48 /* ViewController.swift */ = {isa = PBXFileReference; lastKnownFileType = sourcecode.swift; path = ViewController.swift; sourceTree = "<group>"; };
		DBC515FB1BBCCC9400EDFF48 /* Base */ = {isa = PBXFileReference; lastKnownFileType = file.storyboard; name = Base; path = Base.lproj/Main.storyboard; sourceTree = "<group>"; };
		DBC515FD1BBCCC9400EDFF48 /* Assets.xcassets */ = {isa = PBXFileReference; lastKnownFileType = folder.assetcatalog; path = Assets.xcassets; sourceTree = "<group>"; };
		DBC516021BBCCC9400EDFF48 /* Info.plist */ = {isa = PBXFileReference; lastKnownFileType = text.plist.xml; path = Info.plist; sourceTree = "<group>"; };
		DBE2B52A1BBCD06400AD5316 /* JSAnimatedImagesView.h */ = {isa = PBXFileReference; fileEncoding = 4; lastKnownFileType = sourcecode.c.h; name = JSAnimatedImagesView.h; path = ../../JSAnimatedImagesView.h; sourceTree = "<group>"; };
		DBE2B52B1BBCD06400AD5316 /* JSAnimatedImagesView.m */ = {isa = PBXFileReference; fileEncoding = 4; lastKnownFileType = sourcecode.c.objc; name = JSAnimatedImagesView.m; path = ../../JSAnimatedImagesView.m; sourceTree = "<group>"; };
		DBE2B5311BBCD0D700AD5316 /* MSWeakTimer.h */ = {isa = PBXFileReference; fileEncoding = 4; lastKnownFileType = sourcecode.c.h; path = MSWeakTimer.h; sourceTree = "<group>"; };
		DBE2B5321BBCD0D700AD5316 /* MSWeakTimer.m */ = {isa = PBXFileReference; fileEncoding = 4; lastKnownFileType = sourcecode.c.objc; path = MSWeakTimer.m; sourceTree = "<group>"; };
		DBE2B5341BBCD0FE00AD5316 /* Bridging-Header.h */ = {isa = PBXFileReference; lastKnownFileType = sourcecode.c.h; path = "Bridging-Header.h"; sourceTree = "<group>"; };
		DBE2B5371BBCD27300AD5316 /* LaunchViewController.swift */ = {isa = PBXFileReference; fileEncoding = 4; lastKnownFileType = sourcecode.swift; path = LaunchViewController.swift; sourceTree = "<group>"; };
		DBE2B53A1BBCD83000AD5316 /* Base */ = {isa = PBXFileReference; lastKnownFileType = file.storyboard; name = Base; path = Base.lproj/LaunchScreen.storyboard; sourceTree = "<group>"; };
/* End PBXFileReference section */

/* Begin PBXFrameworksBuildPhase section */
		DBC515F01BBCCC9400EDFF48 /* Frameworks */ = {
			isa = PBXFrameworksBuildPhase;
			buildActionMask = 2147483647;
			files = (
			);
			runOnlyForDeploymentPostprocessing = 0;
		};
/* End PBXFrameworksBuildPhase section */

/* Begin PBXGroup section */
		DB4518DC1BBCE8870097A25A /* myUILabel */ = {
			isa = PBXGroup;
			children = (
				DB4518D91BBCE8820097A25A /* myUILabel.h */,
				DB4518DA1BBCE8820097A25A /* myUILabel.m */,
			);
			name = myUILabel;
			sourceTree = "<group>";
		};
		DBC515EA1BBCCC9400EDFF48 = {
			isa = PBXGroup;
			children = (
				DBE2B5341BBCD0FE00AD5316 /* Bridging-Header.h */,
				DBC515F51BBCCC9400EDFF48 /* zhihuDaily 2.0 */,
				DBC515F41BBCCC9400EDFF48 /* Products */,
			);
			sourceTree = "<group>";
		};
		DBC515F41BBCCC9400EDFF48 /* Products */ = {
			isa = PBXGroup;
			children = (
				DBC515F31BBCCC9400EDFF48 /* zhihuDaily 2.0.app */,
			);
			name = Products;
			sourceTree = "<group>";
		};
		DBC515F51BBCCC9400EDFF48 /* zhihuDaily 2.0 */ = {
			isa = PBXGroup;
			children = (
				DBC516081BBCCDB300EDFF48 /* ThirdParty */,
				DBC515F61BBCCC9400EDFF48 /* AppDelegate.swift */,
				DBC515F81BBCCC9400EDFF48 /* ViewController.swift */,
				DBE2B5371BBCD27300AD5316 /* LaunchViewController.swift */,
				DB4518D31BBCE4270097A25A /* TableHeaderViewCell.swift */,
				DB4518D71BBCE6530097A25A /* TableContentViewCell.swift */,
				DB4518D51BBCE4C70097A25A /* LocalPagedHorizontalView.swift */,
				DBC515FA1BBCCC9400EDFF48 /* Main.storyboard */,
				DBE2B5391BBCD83000AD5316 /* LaunchScreen.storyboard */,
				DBC515FD1BBCCC9400EDFF48 /* Assets.xcassets */,
				DBC516021BBCCC9400EDFF48 /* Info.plist */,
			);
			path = "zhihuDaily 2.0";
			sourceTree = "<group>";
		};
		DBC516081BBCCDB300EDFF48 /* ThirdParty */ = {
			isa = PBXGroup;
			children = (
				DB4518DC1BBCE8870097A25A /* myUILabel */,
				DBC516091BBCCFCF00EDFF48 /* JSAnimated */,
			);
			name = ThirdParty;
			sourceTree = "<group>";
		};
		DBC516091BBCCFCF00EDFF48 /* JSAnimated */ = {
			isa = PBXGroup;
			children = (
				DBE2B5301BBCD0D700AD5316 /* MSWeakTimer */,
				DBE2B52C1BBCD06400AD5316 /* JSAnimatedImagesView */,
			);
			name = JSAnimated;
			sourceTree = "<group>";
		};
		DBE2B52C1BBCD06400AD5316 /* JSAnimatedImagesView */ = {
			isa = PBXGroup;
			children = (
				DBE2B52A1BBCD06400AD5316 /* JSAnimatedImagesView.h */,
				DBE2B52B1BBCD06400AD5316 /* JSAnimatedImagesView.m */,
			);
			name = JSAnimatedImagesView;
			path = "../../../Available/JSAnimatedImagesView-master/AnimatedImagesViewSampleApp/AnimatedImagesViewSampleApp";
			sourceTree = "<group>";
		};
		DBE2B5301BBCD0D700AD5316 /* MSWeakTimer */ = {
			isa = PBXGroup;
			children = (
				DBE2B5311BBCD0D700AD5316 /* MSWeakTimer.h */,
				DBE2B5321BBCD0D700AD5316 /* MSWeakTimer.m */,
			);
			path = MSWeakTimer;
			sourceTree = "<group>";
		};
/* End PBXGroup section */

/* Begin PBXNativeTarget section */
		DBC515F21BBCCC9400EDFF48 /* zhihuDaily 2.0 */ = {
			isa = PBXNativeTarget;
			buildConfigurationList = DBC516051BBCCC9400EDFF48 /* Build configuration list for PBXNativeTarget "zhihuDaily 2.0" */;
			buildPhases = (
				DBC515EF1BBCCC9400EDFF48 /* Sources */,
				DBC515F01BBCCC9400EDFF48 /* Frameworks */,
				DBC515F11BBCCC9400EDFF48 /* Resources */,
			);
			buildRules = (
			);
			dependencies = (
			);
			name = "zhihuDaily 2.0";
			productName = "zhihuDaily 2.0";
			productReference = DBC515F31BBCCC9400EDFF48 /* zhihuDaily 2.0.app */;
			productType = "com.apple.product-type.application";
		};
/* End PBXNativeTarget section */

/* Begin PBXProject section */
		DBC515EB1BBCCC9400EDFF48 /* Project object */ = {
			isa = PBXProject;
			attributes = {
				LastUpgradeCheck = 0700;
				ORGANIZATIONNAME = NSNirvana;
				TargetAttributes = {
					DBC515F21BBCCC9400EDFF48 = {
						CreatedOnToolsVersion = 7.0;
						DevelopmentTeam = QYV353CYL3;
					};
				};
			};
			buildConfigurationList = DBC515EE1BBCCC9400EDFF48 /* Build configuration list for PBXProject "zhihuDaily 2.0" */;
			compatibilityVersion = "Xcode 3.2";
			developmentRegion = English;
			hasScannedForEncodings = 0;
			knownRegions = (
				en,
				Base,
			);
			mainGroup = DBC515EA1BBCCC9400EDFF48;
			productRefGroup = DBC515F41BBCCC9400EDFF48 /* Products */;
			projectDirPath = "";
			projectRoot = "";
			targets = (
				DBC515F21BBCCC9400EDFF48 /* zhihuDaily 2.0 */,
			);
		};
/* End PBXProject section */

/* Begin PBXResourcesBuildPhase section */
		DBC515F11BBCCC9400EDFF48 /* Resources */ = {
			isa = PBXResourcesBuildPhase;
			buildActionMask = 2147483647;
			files = (
				DBE2B53B1BBCD83000AD5316 /* LaunchScreen.storyboard in Resources */,
				DBC515FE1BBCCC9400EDFF48 /* Assets.xcassets in Resources */,
				DBC515FC1BBCCC9400EDFF48 /* Main.storyboard in Resources */,
			);
			runOnlyForDeploymentPostprocessing = 0;
		};
/* End PBXResourcesBuildPhase section */

/* Begin PBXSourcesBuildPhase section */
		DBC515EF1BBCCC9400EDFF48 /* Sources */ = {
			isa = PBXSourcesBuildPhase;
			buildActionMask = 2147483647;
			files = (
				DBC515F91BBCCC9400EDFF48 /* ViewController.swift in Sources */,
				DB4518D61BBCE4C70097A25A /* LocalPagedHorizontalView.swift in Sources */,
				DBE2B5381BBCD27300AD5316 /* LaunchViewController.swift in Sources */,
				DB4518D81BBCE6530097A25A /* TableContentViewCell.swift in Sources */,
				DB4518D41BBCE4270097A25A /* TableHeaderViewCell.swift in Sources */,
				DBE2B5331BBCD0D700AD5316 /* MSWeakTimer.m in Sources */,
				DB4518DB1BBCE8820097A25A /* myUILabel.m in Sources */,
				DBC515F71BBCCC9400EDFF48 /* AppDelegate.swift in Sources */,
				DBE2B52D1BBCD06400AD5316 /* JSAnimatedImagesView.m in Sources */,
			);
			runOnlyForDeploymentPostprocessing = 0;
		};
/* End PBXSourcesBuildPhase section */

/* Begin PBXVariantGroup section */
		DBC515FA1BBCCC9400EDFF48 /* Main.storyboard */ = {
			isa = PBXVariantGroup;
			children = (
				DBC515FB1BBCCC9400EDFF48 /* Base */,
			);
			name = Main.storyboard;
			sourceTree = "<group>";
		};
		DBE2B5391BBCD83000AD5316 /* LaunchScreen.storyboard */ = {
			isa = PBXVariantGroup;
			children = (
				DBE2B53A1BBCD83000AD5316 /* Base */,
			);
			name = LaunchScreen.storyboard;
			sourceTree = "<group>";
		};
/* End PBXVariantGroup section */

/* Begin XCBuildConfiguration section */
		DBC516031BBCCC9400EDFF48 /* Debug */ = {
			isa = XCBuildConfiguration;
			buildSettings = {
				ALWAYS_SEARCH_USER_PATHS = NO;
				CLANG_CXX_LANGUAGE_STANDARD = "gnu++0x";
				CLANG_CXX_LIBRARY = "libc++";
				CLANG_ENABLE_MODULES = YES;
				CLANG_ENABLE_OBJC_ARC = YES;
				CLANG_WARN_BOOL_CONVERSION = YES;
				CLANG_WARN_CONSTANT_CONVERSION = YES;
				CLANG_WARN_DIRECT_OBJC_ISA_USAGE = YES_ERROR;
				CLANG_WARN_EMPTY_BODY = YES;
				CLANG_WARN_ENUM_CONVERSION = YES;
				CLANG_WARN_INT_CONVERSION = YES;
				CLANG_WARN_OBJC_ROOT_CLASS = YES_ERROR;
				CLANG_WARN_UNREACHABLE_CODE = YES;
				CLANG_WARN__DUPLICATE_METHOD_MATCH = YES;
				"CODE_SIGN_IDENTITY[sdk=iphoneos*]" = "iPhone Developer";
				COPY_PHASE_STRIP = NO;
				DEBUG_INFORMATION_FORMAT = dwarf;
				ENABLE_STRICT_OBJC_MSGSEND = YES;
				ENABLE_TESTABILITY = YES;
				GCC_C_LANGUAGE_STANDARD = gnu99;
				GCC_DYNAMIC_NO_PIC = NO;
				GCC_NO_COMMON_BLOCKS = YES;
				GCC_OPTIMIZATION_LEVEL = 0;
				GCC_PREPROCESSOR_DEFINITIONS = (
					"DEBUG=1",
					"$(inherited)",
				);
				GCC_WARN_64_TO_32_BIT_CONVERSION = YES;
				GCC_WARN_ABOUT_RETURN_TYPE = YES_ERROR;
				GCC_WARN_UNDECLARED_SELECTOR = YES;
				GCC_WARN_UNINITIALIZED_AUTOS = YES_AGGRESSIVE;
				GCC_WARN_UNUSED_FUNCTION = YES;
				GCC_WARN_UNUSED_VARIABLE = YES;
				IPHONEOS_DEPLOYMENT_TARGET = 9.0;
				MTL_ENABLE_DEBUG_INFO = YES;
				ONLY_ACTIVE_ARCH = YES;
				SDKROOT = iphoneos;
				SWIFT_OBJC_BRIDGING_HEADER = "Bridging-Header.h";
				SWIFT_OPTIMIZATION_LEVEL = "-Onone";
			};
			name = Debug;
		};
		DBC516041BBCCC9400EDFF48 /* Release */ = {
			isa = XCBuildConfiguration;
			buildSettings = {
				ALWAYS_SEARCH_USER_PATHS = NO;
				CLANG_CXX_LANGUAGE_STANDARD = "gnu++0x";
				CLANG_CXX_LIBRARY = "libc++";
				CLANG_ENABLE_MODULES = YES;
				CLANG_ENABLE_OBJC_ARC = YES;
				CLANG_WARN_BOOL_CONVERSION = YES;
				CLANG_WARN_CONSTANT_CONVERSION = YES;
				CLANG_WARN_DIRECT_OBJC_ISA_USAGE = YES_ERROR;
				CLANG_WARN_EMPTY_BODY = YES;
				CLANG_WARN_ENUM_CONVERSION = YES;
				CLANG_WARN_INT_CONVERSION = YES;
				CLANG_WARN_OBJC_ROOT_CLASS = YES_ERROR;
				CLANG_WARN_UNREACHABLE_CODE = YES;
				CLANG_WARN__DUPLICATE_METHOD_MATCH = YES;
				"CODE_SIGN_IDENTITY[sdk=iphoneos*]" = "iPhone Developer";
				COPY_PHASE_STRIP = NO;
				DEBUG_INFORMATION_FORMAT = "dwarf-with-dsym";
				ENABLE_NS_ASSERTIONS = NO;
				ENABLE_STRICT_OBJC_MSGSEND = YES;
				GCC_C_LANGUAGE_STANDARD = gnu99;
				GCC_NO_COMMON_BLOCKS = YES;
				GCC_WARN_64_TO_32_BIT_CONVERSION = YES;
				GCC_WARN_ABOUT_RETURN_TYPE = YES_ERROR;
				GCC_WARN_UNDECLARED_SELECTOR = YES;
				GCC_WARN_UNINITIALIZED_AUTOS = YES_AGGRESSIVE;
				GCC_WARN_UNUSED_FUNCTION = YES;
				GCC_WARN_UNUSED_VARIABLE = YES;
				IPHONEOS_DEPLOYMENT_TARGET = 9.0;
				MTL_ENABLE_DEBUG_INFO = NO;
				SDKROOT = iphoneos;
				SWIFT_OBJC_BRIDGING_HEADER = "Bridging-Header.h";
				VALIDATE_PRODUCT = YES;
			};
			name = Release;
		};
		DBC516061BBCCC9400EDFF48 /* Debug */ = {
			isa = XCBuildConfiguration;
			buildSettings = {
				ASSETCATALOG_COMPILER_APPICON_NAME = AppIcon;
				INFOPLIST_FILE = "zhihuDaily 2.0/Info.plist";
				LD_RUNPATH_SEARCH_PATHS = "$(inherited) @executable_path/Frameworks";
				PRODUCT_BUNDLE_IDENTIFIER = "Azure.zhihuDaily-2-0";
				PRODUCT_NAME = "$(TARGET_NAME)";
				SWIFT_OBJC_BRIDGING_HEADER = "Bridging-Header.h";
			};
			name = Debug;
		};
		DBC516071BBCCC9400EDFF48 /* Release */ = {
			isa = XCBuildConfiguration;
			buildSettings = {
				ASSETCATALOG_COMPILER_APPICON_NAME = AppIcon;
				INFOPLIST_FILE = "zhihuDaily 2.0/Info.plist";
				LD_RUNPATH_SEARCH_PATHS = "$(inherited) @executable_path/Frameworks";
				PRODUCT_BUNDLE_IDENTIFIER = "Azure.zhihuDaily-2-0";
				PRODUCT_NAME = "$(TARGET_NAME)";
				SWIFT_OBJC_BRIDGING_HEADER = "Bridging-Header.h";
			};
			name = Release;
		};
/* End XCBuildConfiguration section */

/* Begin XCConfigurationList section */
		DBC515EE1BBCCC9400EDFF48 /* Build configuration list for PBXProject "zhihuDaily 2.0" */ = {
			isa = XCConfigurationList;
			buildConfigurations = (
				DBC516031BBCCC9400EDFF48 /* Debug */,
				DBC516041BBCCC9400EDFF48 /* Release */,
			);
			defaultConfigurationIsVisible = 0;
			defaultConfigurationName = Release;
		};
		DBC516051BBCCC9400EDFF48 /* Build configuration list for PBXNativeTarget "zhihuDaily 2.0" */ = {
			isa = XCConfigurationList;
			buildConfigurations = (
				DBC516061BBCCC9400EDFF48 /* Debug */,
				DBC516071BBCCC9400EDFF48 /* Release */,
			);
			defaultConfigurationIsVisible = 0;
			defaultConfigurationName = Release;
		};
/* End XCConfigurationList section */
	};
	rootObject = DBC515EB1BBCCC9400EDFF48 /* Project object */;
}
